
Microsoft Visual Studio Solution File, Format Version 12.00
# Visual Studio Version 17
VisualStudioVersion = 17.0.31825.309
MinimumVisualStudioVersion = 10.0.40219.1
Project("{9A19103F-16F7-4668-BE54-9A1E7A4F7556}") = "CustomCollections", "CustomCollections\CustomCollections.csproj", "{A4B91DD5-79D5-4053-B881-D1DD7C5BD427}"
EndProject
Project("{FAE04EC0-301F-11D3-BF4B-00C04F79EFBC}") = "CollectionTests", "CollectionTests\CollectionTests.csproj", "{C10F5739-A41D-4BBF-B19C-BF9804EF1CC8}"
EndProject
Global
	GlobalSection(SolutionConfigurationPlatforms) = preSolution
		Debug|Any CPU = Debug|Any CPU
		Release|Any CPU = Release|Any CPU
	EndGlobalSection
	GlobalSection(ProjectConfigurationPlatforms) = postSolution
		{A4B91DD5-79D5-4053-B881-D1DD7C5BD427}.Debug|Any CPU.ActiveCfg = Debug|Any CPU
		{A4B91DD5-79D5-4053-B881-D1DD7C5BD427}.Debug|Any CPU.Build.0 = Debug|Any CPU
		{A4B91DD5-79D5-4053-B881-D1DD7C5BD427}.Release|Any CPU.ActiveCfg = Release|Any CPU
		{A4B91DD5-79D5-4053-B881-D1DD7C5BD427}.Release|Any CPU.Build.0 = Release|Any CPU
		{C10F5739-A41D-4BBF-B19C-BF9804EF1CC8}.Debug|Any CPU.ActiveCfg = Debug|Any CPU
		{C10F5739-A41D-4BBF-B19C-BF9804EF1CC8}.Debug|Any CPU.Build.0 = Debug|Any CPU
		{C10F5739-A41D-4BBF-B19C-BF9804EF1CC8}.Release|Any CPU.ActiveCfg = Release|Any CPU
		{C10F5739-A41D-4BBF-B19C-BF9804EF1CC8}.Release|Any CPU.Build.0 = Release|Any CPU
	EndGlobalSection
	GlobalSection(SolutionProperties) = preSolution
		HideSolutionNode = FALSE
	EndGlobalSection
	GlobalSection(ExtensibilityGlobals) = postSolution
		SolutionGuid = {7B821575-1876-431B-B6B6-D9BBF1AA4DB1}
	EndGlobalSection
EndGlobal
